
Microsoft Visual Studio Solution File, Format Version 12.00
# Visual Studio Version 17
VisualStudioVersion = 17.6.33829.357
MinimumVisualStudioVersion = 10.0.40219.1
Project("{FAE04EC0-301F-11D3-BF4B-00C04F79EFBC}") = "TestTask", "TestTask\TestTask.csproj", "{2D6B1DEE-F748-4D55-BBE9-CF8D877A4B94}"
EndProject
Global
	GlobalSection(SolutionConfigurationPlatforms) = preSolution
		Debug|Any CPU = Debug|Any CPU
		Release|Any CPU = Release|Any CPU
	EndGlobalSection
	GlobalSection(ProjectConfigurationPlatforms) = postSolution
		{2D6B1DEE-F748-4D55-BBE9-CF8D877A4B94}.Debug|Any CPU.ActiveCfg = Debug|Any CPU
		{2D6B1DEE-F748-4D55-BBE9-CF8D877A4B94}.Debug|Any CPU.Build.0 = Debug|Any CPU
		{2D6B1DEE-F748-4D55-BBE9-CF8D877A4B94}.Release|Any CPU.ActiveCfg = Release|Any CPU
		{2D6B1DEE-F748-4D55-BBE9-CF8D877A4B94}.Release|Any CPU.Build.0 = Release|Any CPU
	EndGlobalSection
	GlobalSection(SolutionProperties) = preSolution
		HideSolutionNode = FALSE
	EndGlobalSection
	GlobalSection(ExtensibilityGlobals) = postSolution
		SolutionGuid = {7BA0B188-4561-4415-ADCB-ADD9B04BF864}
	EndGlobalSection
EndGlobal
